
Microsoft Visual Studio Solution File, Format Version 12.00
# Visual Studio Version 17
VisualStudioVersion = 17.0.31903.59
MinimumVisualStudioVersion = 10.0.40219.1
Project("{FAE04EC0-301F-11D3-BF4B-00C04F79EFBC}") = "SecureVault.Api", "SecureVault.Api\SecureVault.Api.csproj", "{79272483-32FD-4644-B989-0A2C9A98744A}"
EndProject
Project("{FAE04EC0-301F-11D3-BF4B-00C04F79EFBC}") = "SecureVault.Tests", "SecureVault.Tests\SecureVault.Tests.csproj", "{5224B1E8-FFAE-4DC6-83A2-4543D6504E32}"
EndProject
Project("{2150E333-8FDC-42A3-9474-1A3956D46DE8}") = "Solution Items", "Solution Items", "{8EC462FD-D22E-90A8-E5CE-7E832BA40C5D}"
EndProject
Global
	GlobalSection(SolutionConfigurationPlatforms) = preSolution
		Debug|Any CPU = Debug|Any CPU
		Debug|x64 = Debug|x64
		Debug|x86 = Debug|x86
		Release|Any CPU = Release|Any CPU
		Release|x64 = Release|x64
		Release|x86 = Release|x86
	EndGlobalSection
	GlobalSection(ProjectConfigurationPlatforms) = postSolution
		{79272483-32FD-4644-B989-0A2C9A98744A}.Debug|Any CPU.ActiveCfg = Debug|Any CPU
		{79272483-32FD-4644-B989-0A2C9A98744A}.Debug|Any CPU.Build.0 = Debug|Any CPU
		{79272483-32FD-4644-B989-0A2C9A98744A}.Debug|x64.ActiveCfg = Debug|Any CPU
		{79272483-32FD-4644-B989-0A2C9A98744A}.Debug|x64.Build.0 = Debug|Any CPU
		{79272483-32FD-4644-B989-0A2C9A98744A}.Debug|x86.ActiveCfg = Debug|Any CPU
		{79272483-32FD-4644-B989-0A2C9A98744A}.Debug|x86.Build.0 = Debug|Any CPU
		{79272483-32FD-4644-B989-0A2C9A98744A}.Release|Any CPU.ActiveCfg = Release|Any CPU
		{79272483-32FD-4644-B989-0A2C9A98744A}.Release|Any CPU.Build.0 = Release|Any CPU
		{79272483-32FD-4644-B989-0A2C9A98744A}.Release|x64.ActiveCfg = Release|Any CPU
		{79272483-32FD-4644-B989-0A2C9A98744A}.Release|x64.Build.0 = Release|Any CPU
		{79272483-32FD-4644-B989-0A2C9A98744A}.Release|x86.ActiveCfg = Release|Any CPU
		{79272483-32FD-4644-B989-0A2C9A98744A}.Release|x86.Build.0 = Release|Any CPU
		{5224B1E8-FFAE-4DC6-83A2-4543D6504E32}.Debug|Any CPU.ActiveCfg = Debug|Any CPU
		{5224B1E8-FFAE-4DC6-83A2-4543D6504E32}.Debug|Any CPU.Build.0 = Debug|Any CPU
		{5224B1E8-FFAE-4DC6-83A2-4543D6504E32}.Debug|x64.ActiveCfg = Debug|Any CPU
		{5224B1E8-FFAE-4DC6-83A2-4543D6504E32}.Debug|x64.Build.0 = Debug|Any CPU
		{5224B1E8-FFAE-4DC6-83A2-4543D6504E32}.Debug|x86.ActiveCfg = Debug|Any CPU
		{5224B1E8-FFAE-4DC6-83A2-4543D6504E32}.Debug|x86.Build.0 = Debug|Any CPU
		{5224B1E8-FFAE-4DC6-83A2-4543D6504E32}.Release|Any CPU.ActiveCfg = Release|Any CPU
		{5224B1E8-FFAE-4DC6-83A2-4543D6504E32}.Release|Any CPU.Build.0 = Release|Any CPU
		{5224B1E8-FFAE-4DC6-83A2-4543D6504E32}.Release|x64.ActiveCfg = Release|Any CPU
		{5224B1E8-FFAE-4DC6-83A2-4543D6504E32}.Release|x64.Build.0 = Release|Any CPU
		{5224B1E8-FFAE-4DC6-83A2-4543D6504E32}.Release|x86.ActiveCfg = Release|Any CPU
		{5224B1E8-FFAE-4DC6-83A2-4543D6504E32}.Release|x86.Build.0 = Release|Any CPU
	EndGlobalSection
	GlobalSection(SolutionProperties) = preSolution
		HideSolutionNode = FALSE
	EndGlobalSection
	GlobalSection(ExtensibilityGlobals) = postSolution
		SolutionGuid = {7960B238-9377-4834-B746-98508FBCC737}
	EndGlobalSection
EndGlobal
